
Microsoft Visual Studio Solution File, Format Version 12.00
# Visual Studio Version 17
VisualStudioVersion = 17.0.32014.148
MinimumVisualStudioVersion = 10.0.40219.1
Project("{9A19103F-16F7-4668-BE54-9A1E7A4F7556}") = "UserService", "UserService\UserService.csproj", "{18896827-2F05-4BE1-8943-E59D38B8AFF1}"
EndProject
Project("{2150E333-8FDC-42A3-9474-1A3956D46DE8}") = "Solution Items", "Solution Items", "{FE587009-CBE2-4C27-A560-F55BB567E77A}"
	ProjectSection(SolutionItems) = preProject
		readme.MD = readme.MD
	EndProjectSection
EndProject
Project("{9A19103F-16F7-4668-BE54-9A1E7A4F7556}") = "ApiGateway", "ApiGateway\ApiGateway.csproj", "{3570D6D3-B33C-45CF-A56E-6D03D3DE0314}"
EndProject
Global
	GlobalSection(SolutionConfigurationPlatforms) = preSolution
		Debug|Any CPU = Debug|Any CPU
		Release|Any CPU = Release|Any CPU
	EndGlobalSection
	GlobalSection(ProjectConfigurationPlatforms) = postSolution
		{18896827-2F05-4BE1-8943-E59D38B8AFF1}.Debug|Any CPU.ActiveCfg = Debug|Any CPU
		{18896827-2F05-4BE1-8943-E59D38B8AFF1}.Debug|Any CPU.Build.0 = Debug|Any CPU
		{18896827-2F05-4BE1-8943-E59D38B8AFF1}.Release|Any CPU.ActiveCfg = Release|Any CPU
		{18896827-2F05-4BE1-8943-E59D38B8AFF1}.Release|Any CPU.Build.0 = Release|Any CPU
		{3570D6D3-B33C-45CF-A56E-6D03D3DE0314}.Debug|Any CPU.ActiveCfg = Debug|Any CPU
		{3570D6D3-B33C-45CF-A56E-6D03D3DE0314}.Debug|Any CPU.Build.0 = Debug|Any CPU
		{3570D6D3-B33C-45CF-A56E-6D03D3DE0314}.Release|Any CPU.ActiveCfg = Release|Any CPU
		{3570D6D3-B33C-45CF-A56E-6D03D3DE0314}.Release|Any CPU.Build.0 = Release|Any CPU
	EndGlobalSection
	GlobalSection(SolutionProperties) = preSolution
		HideSolutionNode = FALSE
	EndGlobalSection
	GlobalSection(ExtensibilityGlobals) = postSolution
		SolutionGuid = {744B96EF-254E-42B1-926C-D61A7E12A2BF}
	EndGlobalSection
EndGlobal
